Microsoft Visual Studio Solution File, Format Version 12.00
# Visual Studio 2012
Project("{FAE04EC0-301F-11D3-BF4B-00C04F79EFBC}") = "Hoppy Days Prototype", "Hoppy Days Prototype.csproj", "{241B1F66-AD6B-4547-8111-B2E1ECAEC82E}"
EndProject
Global
	GlobalSection(SolutionConfigurationPlatforms) = preSolution
	Debug|Any CPU = Debug|Any CPU
	Release|Any CPU = Release|Any CPU
	Tools|Any CPU = Tools|Any CPU
	EndGlobalSection
	GlobalSection(ProjectConfigurationPlatforms) = postSolution
		{241B1F66-AD6B-4547-8111-B2E1ECAEC82E}.Debug|Any CPU.ActiveCfg = Debug|Any CPU
		{241B1F66-AD6B-4547-8111-B2E1ECAEC82E}.Debug|Any CPU.Build.0 = Debug|Any CPU
		{241B1F66-AD6B-4547-8111-B2E1ECAEC82E}.Release|Any CPU.ActiveCfg = Release|Any CPU
		{241B1F66-AD6B-4547-8111-B2E1ECAEC82E}.Release|Any CPU.Build.0 = Release|Any CPU
		{241B1F66-AD6B-4547-8111-B2E1ECAEC82E}.Tools|Any CPU.ActiveCfg = Tools|Any CPU
		{241B1F66-AD6B-4547-8111-B2E1ECAEC82E}.Tools|Any CPU.Build.0 = Tools|Any CPU
	EndGlobalSection
EndGlobal
